
Microsoft Visual Studio Solution File, Format Version 12.00
# Visual Studio Version 17
VisualStudioVersion = 17.9.34714.143
MinimumVisualStudioVersion = 10.0.40219.1
Project("{FAE04EC0-301F-11D3-BF4B-00C04F79EFBC}") = "WebApplication1Windows", "WebApplication1Windows\WebApplication1Windows.csproj", "{01F46DF0-D215-4076-9C16-20687D883E90}"
EndProject
Global
	GlobalSection(SolutionConfigurationPlatforms) = preSolution
		Debug|Any CPU = Debug|Any CPU
		Release|Any CPU = Release|Any CPU
	EndGlobalSection
	GlobalSection(ProjectConfigurationPlatforms) = postSolution
		{01F46DF0-D215-4076-9C16-20687D883E90}.Debug|Any CPU.ActiveCfg = Debug|Any CPU
		{01F46DF0-D215-4076-9C16-20687D883E90}.Debug|Any CPU.Build.0 = Debug|Any CPU
		{01F46DF0-D215-4076-9C16-20687D883E90}.Release|Any CPU.ActiveCfg = Release|Any CPU
		{01F46DF0-D215-4076-9C16-20687D883E90}.Release|Any CPU.Build.0 = Release|Any CPU
	EndGlobalSection
	GlobalSection(SolutionProperties) = preSolution
		HideSolutionNode = FALSE
	EndGlobalSection
	GlobalSection(ExtensibilityGlobals) = postSolution
		SolutionGuid = {6C7DA980-1B42-4321-837F-490ADFAA044E}
	EndGlobalSection
EndGlobal
